// !$*UTF8*$!
{
	archiveVersion = 1;
	classes = {
	};
	objectVersion = 48;
	objects = {

/* Begin PBXBuildFile section */
		073694CF1FC3A13700E1452F /* Graphics in Resources */ = {isa = PBXBuildFile; fileRef = 073694CE1FC3A13700E1452F /* Graphics */; };
		07573B1D1FBEADC200FD9F55 /* Game.cpp in Sources */ = {isa = PBXBuildFile; fileRef = 07573B1B1FBEADC100FD9F55 /* Game.cpp */; };
		07573B1E1FBEADC200FD9F55 /* main.cpp in Sources */ = {isa = PBXBuildFile; fileRef = 07573B1C1FBEADC200FD9F55 /* main.cpp */; };
		0767ADBE1FBD6E3900BF649A /* MazeData.cpp in Sources */ = {isa = PBXBuildFile; fileRef = 0767ADB61FBD6E3800BF649A /* MazeData.cpp */; };
		0767ADBF1FBD6E3900BF649A /* Collider.cpp in Sources */ = {isa = PBXBuildFile; fileRef = 0767ADB71FBD6E3800BF649A /* Collider.cpp */; };
		0767ADC01FBD6E3900BF649A /* Platform.cpp in Sources */ = {isa = PBXBuildFile; fileRef = 0767ADB81FBD6E3900BF649A /* Platform.cpp */; };
		0767ADC21FBD6E3900BF649A /* Player.cpp in Sources */ = {isa = PBXBuildFile; fileRef = 0767ADBC1FBD6E3900BF649A /* Player.cpp */; };
		0767ADCF1FBD753F00BF649A /* Audio in Resources */ = {isa = PBXBuildFile; fileRef = 0767ADCD1FBD753F00BF649A /* Audio */; };
		0791DA6C1FC38DF700873076 /* Images.xcassets in Resources */ = {isa = PBXBuildFile; fileRef = 0791DA6B1FC38DF700873076 /* Images.xcassets */; };
		079916CA1FBD8F020060A752 /* Helpers.cpp in Sources */ = {isa = PBXBuildFile; fileRef = 079916C81FBD8F020060A752 /* Helpers.cpp */; };
		079916CD1FBD904F0060A752 /* Animation.cpp in Sources */ = {isa = PBXBuildFile; fileRef = 079916CB1FBD904F0060A752 /* Animation.cpp */; };
		079AF1B21FBD68A600030054 /* ResourcePath.mm in Sources */ = {isa = PBXBuildFile; fileRef = 079AF1B11FBD68A600030054 /* ResourcePath.mm */; };
		07C19A701FC02601002C86E6 /* Nodes.cpp in Sources */ = {isa = PBXBuildFile; fileRef = 07C19A6E1FC02601002C86E6 /* Nodes.cpp */; };
/* End PBXBuildFile section */

/* Begin PBXFileReference section */
		073694CE1FC3A13700E1452F /* Graphics */ = {isa = PBXFileReference; lastKnownFileType = folder; name = Graphics; path = Resources/Graphics; sourceTree = "<group>"; };
		073ED3F71FBD8991009B00DE /* MazeData.hpp */ = {isa = PBXFileReference; lastKnownFileType = sourcecode.cpp.h; name = MazeData.hpp; path = "/Users/Carlos/Software/Projects/Personal/PAC-MAN 2017/Application Files/MazeData.hpp"; sourceTree = "<absolute>"; };
		073ED3F91FBD89C1009B00DE /* Platform.hpp */ = {isa = PBXFileReference; lastKnownFileType = sourcecode.cpp.h; name = Platform.hpp; path = "/Users/Carlos/Software/Projects/Personal/PAC-MAN 2017/Application Files/Platform.hpp"; sourceTree = "<absolute>"; };
		07573B1A1FBEADC100FD9F55 /* Game.hpp */ = {isa = PBXFileReference; fileEncoding = 4; lastKnownFileType = sourcecode.cpp.h; path = Game.hpp; sourceTree = "<group>"; };
		07573B1B1FBEADC100FD9F55 /* Game.cpp */ = {isa = PBXFileReference; fileEncoding = 4; lastKnownFileType = sourcecode.cpp.cpp; path = Game.cpp; sourceTree = "<group>"; };
		07573B1C1FBEADC200FD9F55 /* main.cpp */ = {isa = PBXFileReference; fileEncoding = 4; lastKnownFileType = sourcecode.cpp.cpp; path = main.cpp; sourceTree = "<group>"; };
		0767ADB61FBD6E3800BF649A /* MazeData.cpp */ = {isa = PBXFileReference; fileEncoding = 4; lastKnownFileType = sourcecode.cpp.cpp; path = MazeData.cpp; sourceTree = "<group>"; };
		0767ADB71FBD6E3800BF649A /* Collider.cpp */ = {isa = PBXFileReference; fileEncoding = 4; lastKnownFileType = sourcecode.cpp.cpp; path = Collider.cpp; sourceTree = "<group>"; };
		0767ADB81FBD6E3900BF649A /* Platform.cpp */ = {isa = PBXFileReference; fileEncoding = 4; lastKnownFileType = sourcecode.cpp.cpp; path = Platform.cpp; sourceTree = "<group>"; };
		0767ADB91FBD6E3900BF649A /* Collider.hpp */ = {isa = PBXFileReference; fileEncoding = 4; lastKnownFileType = sourcecode.cpp.h; path = Collider.hpp; sourceTree = "<group>"; };
		0767ADBC1FBD6E3900BF649A /* Player.cpp */ = {isa = PBXFileReference; fileEncoding = 4; lastKnownFileType = sourcecode.cpp.cpp; path = Player.cpp; sourceTree = "<group>"; };
		0767ADBD1FBD6E3900BF649A /* Player.hpp */ = {isa = PBXFileReference; fileEncoding = 4; lastKnownFileType = sourcecode.cpp.h; path = Player.hpp; sourceTree = "<group>"; };
		0767ADCD1FBD753F00BF649A /* Audio */ = {isa = PBXFileReference; lastKnownFileType = folder; name = Audio; path = Resources/Audio; sourceTree = "<group>"; };
		0791DA6B1FC38DF700873076 /* Images.xcassets */ = {isa = PBXFileReference; lastKnownFileType = folder.assetcatalog; name = Images.xcassets; path = Resources/Images.xcassets; sourceTree = "<group>"; };
		079916C81FBD8F020060A752 /* Helpers.cpp */ = {isa = PBXFileReference; lastKnownFileType = sourcecode.cpp.cpp; path = Helpers.cpp; sourceTree = "<group>"; };
		079916C91FBD8F020060A752 /* Helpers.hpp */ = {isa = PBXFileReference; lastKnownFileType = sourcecode.cpp.h; path = Helpers.hpp; sourceTree = "<group>"; };
		079916CB1FBD904F0060A752 /* Animation.cpp */ = {isa = PBXFileReference; lastKnownFileType = sourcecode.cpp.cpp; path = Animation.cpp; sourceTree = "<group>"; };
		079916CC1FBD904F0060A752 /* Animation.hpp */ = {isa = PBXFileReference; lastKnownFileType = sourcecode.cpp.h; path = Animation.hpp; sourceTree = "<group>"; };
		079AF1AC1FBD68A600030054 /* PAC-MAN 2017.app */ = {isa = PBXFileReference; explicitFileType = wrapper.application; includeInIndex = 0; path = "PAC-MAN 2017.app"; sourceTree = BUILT_PRODUCTS_DIR; };
		079AF1B01FBD68A600030054 /* Info.plist */ = {isa = PBXFileReference; lastKnownFileType = text.plist.xml; path = Info.plist; sourceTree = "<group>"; };
		079AF1B11FBD68A600030054 /* ResourcePath.mm */ = {isa = PBXFileReference; lastKnownFileType = sourcecode.cpp.objcpp; path = ResourcePath.mm; sourceTree = "<group>"; };
		079AF1B31FBD68A600030054 /* ResourcePath.hpp */ = {isa = PBXFileReference; lastKnownFileType = sourcecode.cpp.h; path = ResourcePath.hpp; sourceTree = "<group>"; };
		07C19A6E1FC02601002C86E6 /* Nodes.cpp */ = {isa = PBXFileReference; lastKnownFileType = sourcecode.cpp.cpp; path = Nodes.cpp; sourceTree = "<group>"; };
		07C19A6F1FC02601002C86E6 /* Nodes.hpp */ = {isa = PBXFileReference; lastKnownFileType = sourcecode.cpp.h; path = Nodes.hpp; sourceTree = "<group>"; };
/* End PBXFileReference section */

/* Begin PBXFrameworksBuildPhase section */
		079AF1A81FBD68A600030054 /* Frameworks */ = {
			isa = PBXFrameworksBuildPhase;
			buildActionMask = 2147483647;
			files = (
			);
			runOnlyForDeploymentPostprocessing = 0;
		};
/* End PBXFrameworksBuildPhase section */

/* Begin PBXGroup section */
		079AF1A21FBD68A600030054 = {
			isa = PBXGroup;
			children = (
				079AF1AE1FBD68A600030054 /* Application Files */,
				079AF1AD1FBD68A600030054 /* Products */,
			);
			sourceTree = "<group>";
		};
		079AF1AD1FBD68A600030054 /* Products */ = {
			isa = PBXGroup;
			children = (
				079AF1AC1FBD68A600030054 /* PAC-MAN 2017.app */,
			);
			name = Products;
			sourceTree = "<group>";
		};
		079AF1AE1FBD68A600030054 /* Application Files */ = {
			isa = PBXGroup;
			children = (
				07573B1A1FBEADC100FD9F55 /* Game.hpp */,
				07573B1B1FBEADC100FD9F55 /* Game.cpp */,
				07573B1C1FBEADC200FD9F55 /* main.cpp */,
				079AF1B61FBD68A600030054 /* Resources */,
				079AF1AF1FBD68A600030054 /* Supporting Files */,
			);
			path = "Application Files";
			sourceTree = "<group>";
		};
		079AF1AF1FBD68A600030054 /* Supporting Files */ = {
			isa = PBXGroup;
			children = (
				079AF1B31FBD68A600030054 /* ResourcePath.hpp */,
				079AF1B11FBD68A600030054 /* ResourcePath.mm */,
				079916C91FBD8F020060A752 /* Helpers.hpp */,
				079916C81FBD8F020060A752 /* Helpers.cpp */,
				079916CC1FBD904F0060A752 /* Animation.hpp */,
				079916CB1FBD904F0060A752 /* Animation.cpp */,
				0767ADB91FBD6E3900BF649A /* Collider.hpp */,
				0767ADB71FBD6E3800BF649A /* Collider.cpp */,
				073ED3F91FBD89C1009B00DE /* Platform.hpp */,
				0767ADB81FBD6E3900BF649A /* Platform.cpp */,
				07C19A6F1FC02601002C86E6 /* Nodes.hpp */,
				07C19A6E1FC02601002C86E6 /* Nodes.cpp */,
				0767ADBD1FBD6E3900BF649A /* Player.hpp */,
				0767ADBC1FBD6E3900BF649A /* Player.cpp */,
				073ED3F71FBD8991009B00DE /* MazeData.hpp */,
				0767ADB61FBD6E3800BF649A /* MazeData.cpp */,
				079AF1B01FBD68A600030054 /* Info.plist */,
			);
			name = "Supporting Files";
			sourceTree = "<group>";
		};
		079AF1B61FBD68A600030054 /* Resources */ = {
			isa = PBXGroup;
			children = (
				073694CE1FC3A13700E1452F /* Graphics */,
				0791DA6B1FC38DF700873076 /* Images.xcassets */,
				0767ADCD1FBD753F00BF649A /* Audio */,
			);
			name = Resources;
			sourceTree = "<group>";
		};
/* End PBXGroup section */

/* Begin PBXNativeTarget section */
		079AF1AB1FBD68A600030054 /* PAC-MAN 2017 */ = {
			isa = PBXNativeTarget;
			buildConfigurationList = 079AF1C11FBD68A600030054 /* Build configuration list for PBXNativeTarget "PAC-MAN 2017" */;
			buildPhases = (
				079AF1A71FBD68A600030054 /* Sources */,
				079AF1A81FBD68A600030054 /* Frameworks */,
				079AF1A91FBD68A600030054 /* Resources */,
				079AF1AA1FBD68A600030054 /* ShellScript */,
			);
			buildRules = (
			);
			dependencies = (
			);
			name = "PAC-MAN 2017";
			productName = "PAC-MAN 2017";
			productReference = 079AF1AC1FBD68A600030054 /* PAC-MAN 2017.app */;
			productType = "com.apple.product-type.application";
		};
/* End PBXNativeTarget section */

/* Begin PBXProject section */
		079AF1A31FBD68A600030054 /* Project object */ = {
			isa = PBXProject;
			attributes = {
				LastUpgradeCheck = 0910;
				ORGANIZATIONNAME = "Carlos Estrada";
				TargetAttributes = {
					079AF1AB1FBD68A600030054 = {
						CreatedOnToolsVersion = 9.1;
						ProvisioningStyle = Automatic;
					};
				};
			};
			buildConfigurationList = 079AF1A61FBD68A600030054 /* Build configuration list for PBXProject "PAC-MAN 2017" */;
			compatibilityVersion = "Xcode 8.0";
			developmentRegion = en;
			hasScannedForEncodings = 0;
			knownRegions = (
				en,
			);
			mainGroup = 079AF1A21FBD68A600030054;
			productRefGroup = 079AF1AD1FBD68A600030054 /* Products */;
			projectDirPath = "";
			projectRoot = "";
			targets = (
				079AF1AB1FBD68A600030054 /* PAC-MAN 2017 */,
			);
		};
/* End PBXProject section */

/* Begin PBXResourcesBuildPhase section */
		079AF1A91FBD68A600030054 /* Resources */ = {
			isa = PBXResourcesBuildPhase;
			buildActionMask = 2147483647;
			files = (
				073694CF1FC3A13700E1452F /* Graphics in Resources */,
				0791DA6C1FC38DF700873076 /* Images.xcassets in Resources */,
				0767ADCF1FBD753F00BF649A /* Audio in Resources */,
			);
			runOnlyForDeploymentPostprocessing = 0;
		};
/* End PBXResourcesBuildPhase section */

/* Begin PBXShellScriptBuildPhase section */
		079AF1AA1FBD68A600030054 /* ShellScript */ = {
			isa = PBXShellScriptBuildPhase;
			buildActionMask = 2147483647;
			files = (
			);
			inputPaths = (
			);
			outputPaths = (
			);
			runOnlyForDeploymentPostprocessing = 0;
			shellPath = /bin/sh;
			shellScript = "# This shell script simply copies required SFML dylibs/frameworks into the application bundle frameworks folder.\n# If you're using static libraries (which is not recommended) you should remove this script from your project.\n\n# SETTINGS\nCMAKE_INSTALL_FRAMEWORK_PREFIX=\"/Library/Frameworks\"\nCMAKE_INSTALL_LIB_PREFIX=\"/usr/local/lib\"\nFRAMEWORKS_FULL_PATH=\"$BUILT_PRODUCTS_DIR/$FRAMEWORKS_FOLDER_PATH/\"\n\n# Are we building a project that uses frameworks or dylibs?\ncase \"$SFML_BINARY_TYPE\" in\n    DYLIBS)\n        frameworks=\"false\"\n        ;;\n    *)\n        frameworks=\"true\"\n        ;;\nesac\n\n# Echoes to stderr\nerror () # $* message to display\n{\n    echo $* 1>&2\n    exit 2\n}\n\nassert () # $1 is a boolean, $2...N is an error message\n{\n    if [ $# -lt 2 ]\n    then\n        error \"Internal error in assert: not enough args\"\n    fi\n\n    if [ $1 -ne 0 ]\n    then\n        shift\n        error \"$*\"\n    fi\n}\n\nforce_remove () # $@ is some paths\n{\n    test $# -ge 1\n    assert $? \"force_remove() requires at least one parameter\"\n    rm -fr $@\n    assert $? \"couldn't remove $@\"\n}\n\ncopy () # $1 is a source, $2 is a destination\n{\n    test $# -eq 2\n    assert $? \"copy() requires two parameters\"\n    ditto \"$1\" \"$2\"\n    assert $? \"couldn't copy $1 to $2\"\n}\n\nrequire () # $1 is a SFML module like 'system' or 'audio'\n{\n    dest=\"$BUILT_PRODUCTS_DIR/$FRAMEWORKS_FOLDER_PATH/\"\n\n    if [ -z \"$1\" ]\n    then\n        error \"require() requires one parameter!\"\n    else\n        # clean potentially old stuff\n        force_remove \"$dest/libsfml-$1\"*\n        force_remove \"$dest/sfml-$1.framework\"\n\n        # copy SFML libraries\n        if [ \"$frameworks\" = \"true\" ]\n        then\n            source=\"$CMAKE_INSTALL_FRAMEWORK_PREFIX/sfml-$1.framework\"\n            target=\"sfml-$1.framework\"\n        elif [ \"$SFML_LINK_DYLIBS_SUFFIX\" = \"-d\" ]\n        then\n            source=\"$CMAKE_INSTALL_LIB_PREFIX/libsfml-$1-d.dylib\"\n            target=\"`readlink $source`\"\n        else\n            source=\"$CMAKE_INSTALL_LIB_PREFIX/libsfml-$1.dylib\"\n            target=\"`readlink $source`\"\n        fi\n\n        copy \"$source\" \"$dest/$target\"\n\n        # copy extra dependencies\n        if [ \"$1\" = \"audio\" ]\n        then\n            # copy \"FLAC\" \"ogg\" \"vorbis\" \"vorbisenc\" \"vorbisfile\" \"OpenAL\" frameworks too\n            for f in \"FLAC\" \"ogg\" \"vorbis\" \"vorbisenc\" \"vorbisfile\" \"OpenAL\"\n            do\n                copy \"$CMAKE_INSTALL_FRAMEWORK_PREFIX/$f.framework\" \"$dest/$f.framework\"\n            done\n        elif [ \"$1\" = \"graphics\" ]\n        then\n            copy \"$CMAKE_INSTALL_FRAMEWORK_PREFIX/freetype.framework\" \"$dest/freetype.framework\"\n        fi\n    fi\n}\n\nif [ -n \"$SFML_SYSTEM\" ]\nthen\n    require \"system\"\nfi\n\nif [ -n \"$SFML_AUDIO\" ]\nthen\n    require \"audio\"\nfi\n\nif [ -n \"$SFML_NETWORK\" ]\nthen\n    require \"network\"\nfi\n\nif [ -n \"$SFML_WINDOW\" ]\nthen\n    require \"window\"\nfi\n\nif [ -n \"$SFML_GRAPHICS\" ]\nthen\n    require \"graphics\"\nfi\n\n                ";
		};
/* End PBXShellScriptBuildPhase section */

/* Begin PBXSourcesBuildPhase section */
		079AF1A71FBD68A600030054 /* Sources */ = {
			isa = PBXSourcesBuildPhase;
			buildActionMask = 2147483647;
			files = (
				0767ADC21FBD6E3900BF649A /* Player.cpp in Sources */,
				079916CD1FBD904F0060A752 /* Animation.cpp in Sources */,
				07573B1E1FBEADC200FD9F55 /* main.cpp in Sources */,
				0767ADBE1FBD6E3900BF649A /* MazeData.cpp in Sources */,
				07573B1D1FBEADC200FD9F55 /* Game.cpp in Sources */,
				07C19A701FC02601002C86E6 /* Nodes.cpp in Sources */,
				079AF1B21FBD68A600030054 /* ResourcePath.mm in Sources */,
				0767ADBF1FBD6E3900BF649A /* Collider.cpp in Sources */,
				0767ADC01FBD6E3900BF649A /* Platform.cpp in Sources */,
				079916CA1FBD8F020060A752 /* Helpers.cpp in Sources */,
			);
			runOnlyForDeploymentPostprocessing = 0;
		};
/* End PBXSourcesBuildPhase section */

/* Begin XCBuildConfiguration section */
		079AF1BF1FBD68A600030054 /* Debug */ = {
			isa = XCBuildConfiguration;
			buildSettings = {
				ARCHS = "$(NATIVE_ARCH_ACTUAL)";
				CLANG_CXX_LANGUAGE_STANDARD = "c++0x";
				CLANG_CXX_LIBRARY = "libc++";
				FRAMEWORK_SEARCH_PATHS = (
					/Library/Frameworks/,
					"$(inherited)",
				);
				GCC_VERSION = com.apple.compilers.llvm.clang.1_0;
				HEADER_SEARCH_PATHS = (
					/usr/local/include/,
					"$(inherited)",
				);
				LIBRARY_SEARCH_PATHS = (
					/usr/local/lib/,
					"$(inherited)",
				);
				MACOSX_DEPLOYMENT_TARGET = 10.7;
				OTHER_LDFLAGS = (
					"$(inherited)",
					"$(SFML_SYSTEM)",
					"$(SFML_WINDOW)",
					"$(SFML_GRAPHICS)",
					"$(SFML_AUDIO)",
					"$(SFML_NETWORK)",
				);
				SFML_AUDIO = "$(SFML_LINK_PREFIX) sfml-audio$(SFML_LINK_SUFFIX)";
				SFML_BINARY_TYPE = FRAMEWORKS;
				SFML_GRAPHICS = "$(SFML_LINK_PREFIX) sfml-graphics$(SFML_LINK_SUFFIX)";
				SFML_LINK_DYLIBS_PREFIX = "-l";
				SFML_LINK_DYLIBS_SUFFIX = "";
				SFML_LINK_FRAMEWORKS_PREFIX = "-framework";
				SFML_LINK_FRAMEWORKS_SUFFIX = "";
				SFML_LINK_PREFIX = "$(SFML_LINK_$(SFML_BINARY_TYPE)_PREFIX)";
				SFML_LINK_SUFFIX = "$(SFML_LINK_$(SFML_BINARY_TYPE)_SUFFIX)";
				SFML_NETWORK = "$(SFML_LINK_PREFIX) sfml-network$(SFML_LINK_SUFFIX)";
				SFML_SYSTEM = "$(SFML_LINK_PREFIX) sfml-system$(SFML_LINK_SUFFIX)";
				SFML_WINDOW = "$(SFML_LINK_PREFIX) sfml-window$(SFML_LINK_SUFFIX)";
				SUPPORTED_PLATFORMS = macosx;
			};
			name = Debug;
		};
		079AF1C01FBD68A600030054 /* Release */ = {
			isa = XCBuildConfiguration;
			buildSettings = {
				ARCHS = "$(NATIVE_ARCH_ACTUAL)";
				CLANG_CXX_LANGUAGE_STANDARD = "c++0x";
				CLANG_CXX_LIBRARY = "libc++";
				FRAMEWORK_SEARCH_PATHS = (
					/Library/Frameworks/,
					"$(inherited)",
				);
				GCC_VERSION = com.apple.compilers.llvm.clang.1_0;
				HEADER_SEARCH_PATHS = (
					/usr/local/include/,
					"$(inherited)",
				);
				LIBRARY_SEARCH_PATHS = (
					/usr/local/lib/,
					"$(inherited)",
				);
				MACOSX_DEPLOYMENT_TARGET = 10.7;
				OTHER_LDFLAGS = (
					"$(inherited)",
					"$(SFML_SYSTEM)",
					"$(SFML_WINDOW)",
					"$(SFML_GRAPHICS)",
					"$(SFML_AUDIO)",
					"$(SFML_NETWORK)",
				);
				SFML_AUDIO = "$(SFML_LINK_PREFIX) sfml-audio$(SFML_LINK_SUFFIX)";
				SFML_BINARY_TYPE = FRAMEWORKS;
				SFML_GRAPHICS = "$(SFML_LINK_PREFIX) sfml-graphics$(SFML_LINK_SUFFIX)";
				SFML_LINK_DYLIBS_PREFIX = "-l";
				SFML_LINK_DYLIBS_SUFFIX = "";
				SFML_LINK_FRAMEWORKS_PREFIX = "-framework";
				SFML_LINK_FRAMEWORKS_SUFFIX = "";
				SFML_LINK_PREFIX = "$(SFML_LINK_$(SFML_BINARY_TYPE)_PREFIX)";
				SFML_LINK_SUFFIX = "$(SFML_LINK_$(SFML_BINARY_TYPE)_SUFFIX)";
				SFML_NETWORK = "$(SFML_LINK_PREFIX) sfml-network$(SFML_LINK_SUFFIX)";
				SFML_SYSTEM = "$(SFML_LINK_PREFIX) sfml-system$(SFML_LINK_SUFFIX)";
				SFML_WINDOW = "$(SFML_LINK_PREFIX) sfml-window$(SFML_LINK_SUFFIX)";
				SUPPORTED_PLATFORMS = macosx;
			};
			name = Release;
		};
		079AF1C21FBD68A600030054 /* Debug */ = {
			isa = XCBuildConfiguration;
			buildSettings = {
				ASSETCATALOG_COMPILER_APPICON_NAME = AppIcon;
				CODE_SIGN_STYLE = Automatic;
				DEVELOPMENT_TEAM = 6X2XSAAA2H;
				INFOPLIST_FILE = "$(SRCROOT)/Application Files/Info.plist";
				LD_RUNPATH_SEARCH_PATHS = "@loader_path/../Frameworks";
				PRODUCT_BUNDLE_IDENTIFIER = carlosestrada.pacman17;
				PRODUCT_NAME = "$(TARGET_NAME)";
			};
			name = Debug;
		};
		079AF1C31FBD68A600030054 /* Release */ = {
			isa = XCBuildConfiguration;
			buildSettings = {
				ASSETCATALOG_COMPILER_APPICON_NAME = AppIcon;
				CODE_SIGN_STYLE = Automatic;
				DEVELOPMENT_TEAM = 6X2XSAAA2H;
				INFOPLIST_FILE = "$(SRCROOT)/Application Files/Info.plist";
				LD_RUNPATH_SEARCH_PATHS = "@loader_path/../Frameworks";
				PRODUCT_BUNDLE_IDENTIFIER = carlosestrada.pacman17;
				PRODUCT_NAME = "$(TARGET_NAME)";
			};
			name = Release;
		};
/* End XCBuildConfiguration section */

/* Begin XCConfigurationList section */
		079AF1A61FBD68A600030054 /* Build configuration list for PBXProject "PAC-MAN 2017" */ = {
			isa = XCConfigurationList;
			buildConfigurations = (
				079AF1BF1FBD68A600030054 /* Debug */,
				079AF1C01FBD68A600030054 /* Release */,
			);
			defaultConfigurationIsVisible = 0;
			defaultConfigurationName = Release;
		};
		079AF1C11FBD68A600030054 /* Build configuration list for PBXNativeTarget "PAC-MAN 2017" */ = {
			isa = XCConfigurationList;
			buildConfigurations = (
				079AF1C21FBD68A600030054 /* Debug */,
				079AF1C31FBD68A600030054 /* Release */,
			);
			defaultConfigurationIsVisible = 0;
			defaultConfigurationName = Release;
		};
/* End XCConfigurationList section */
	};
	rootObject = 079AF1A31FBD68A600030054 /* Project object */;
}
